// !$*UTF8*$!
{
	archiveVersion = 1;
	classes = {
	};
	objectVersion = 56;
	objects = {

/* Begin PBXBuildFile section */
		7696C93EBE4C46A8B6C01F61 /* WallpaperDetailCoordinator.swift in Sources */ = {isa = PBXBuildFile; fileRef = 1F6A5490AF1A4C8DBA37822A /* WallpaperDetailCoordinator.swift */; };
		4662128BA82B4CB688DD8FE7 /* TesseraApp.swift in Sources */ = {isa = PBXBuildFile; fileRef = DFF9C3D36F774C069B84CA6B /* TesseraApp.swift */; };
		6336B5374EFD4B97BBE4E2FE /* Collections.swift in Sources */ = {isa = PBXBuildFile; fileRef = 63EC5F5AB64F40C5ADED4107 /* Collections.swift */; };
		27C5E93572D24527AE24C683 /* Wallpaper.swift in Sources */ = {isa = PBXBuildFile; fileRef = 17BC5A9001294C61A51AF795 /* Wallpaper.swift */; };
		F683C3B0550747A98EAC308A /* ServiceProtocols.swift in Sources */ = {isa = PBXBuildFile; fileRef = 5270E3FE9C5140409DE471F3 /* ServiceProtocols.swift */; };
		D619AD6E9D044D3DB841D034 /* CollectionsView.swift in Sources */ = {isa = PBXBuildFile; fileRef = EADABCB08C66461D8A35C297 /* CollectionsView.swift */; };
		E47E8742811446B8B19B8398 /* CollectionsViewModel.swift in Sources */ = {isa = PBXBuildFile; fileRef = 9A30A1D477E34D5D84C78FA7 /* CollectionsViewModel.swift */; };
		6B0EBE85B00042509DE3150A /* WallpaperDetailModel.swift in Sources */ = {isa = PBXBuildFile; fileRef = 17AC7D191D0748C38879A651 /* WallpaperDetailModel.swift */; };
		62FD26F4DB8C423EB9845CE6 /* WallpaperDetailViewController.swift in Sources */ = {isa = PBXBuildFile; fileRef = 4DB73997418A47EE948D81E1 /* WallpaperDetailViewController.swift */; };
		CB86B33C61594D9EA981DEEF /* DiscoverView.swift in Sources */ = {isa = PBXBuildFile; fileRef = 90BE353F201048D5AA43C457 /* DiscoverView.swift */; };
		34FDE6F56DA543ACA52FB9A0 /* DiscoverViewModel.swift in Sources */ = {isa = PBXBuildFile; fileRef = D1C87019C1784E77AC0A948C /* DiscoverViewModel.swift */; };
		0F7EBC7C2A224FEDA30AABFD /* FavoritesView.swift in Sources */ = {isa = PBXBuildFile; fileRef = 9528A454283A443191B14C29 /* FavoritesView.swift */; };
		CA59815CCAD84DCD942BF2EE /* SettingsView.swift in Sources */ = {isa = PBXBuildFile; fileRef = 9BDB8FA0D7384AC7A6125AF8 /* SettingsView.swift */; };
		D71B86C91A7C4A26ADE105A3 /* OnboardingView.swift in Sources */ = {isa = PBXBuildFile; fileRef = D4E5812824A14474ABF7391D /* OnboardingView.swift */; };
		C4364F7C9AB0442681D40870 /* PaletteExtractor.swift in Sources */ = {isa = PBXBuildFile; fileRef = 47E95A8B68454E6EBBD6812A /* PaletteExtractor.swift */; };
		66B4F839F1B64C9BBC2F83A0 /* UserDefaultsPersistenceStore.swift in Sources */ = {isa = PBXBuildFile; fileRef = D3A24F1AB5CE4D69BB012A4B /* UserDefaultsPersistenceStore.swift */; };
		B91BE518A27B4AB490ADD2BF /* FilterEngine.swift in Sources */ = {isa = PBXBuildFile; fileRef = 6241F3BB733C42FB82B2740A /* FilterEngine.swift */; };
		72C83F9C26A24790828264CD /* DailyWallpaperWidget.swift in Sources */ = {isa = PBXBuildFile; fileRef = ECEAC039079647DF9B269744 /* DailyWallpaperWidget.swift */; };
		968D8377372D4D84B0F6B4A3 /* KingfisherImageLoader.swift in Sources */ = {isa = PBXBuildFile; fileRef = 03EB3A663557410FBDF28770 /* KingfisherImageLoader.swift */; };
		8ADA077A26004478A90FF8A3 /* DailyWallpaperActivityManager.swift in Sources */ = {isa = PBXBuildFile; fileRef = A360829F7B7B4020B43B923F /* DailyWallpaperActivityManager.swift */; };
		836673E1407B4FF2A6F612E9 /* DailyWallpaperActivityWidget.swift in Sources */ = {isa = PBXBuildFile; fileRef = 821CB70D820747F7A71736E5 /* DailyWallpaperActivityWidget.swift */; };
		4F23CD5690FC408C8F7F6106 /* MockNetworkService.swift in Sources */ = {isa = PBXBuildFile; fileRef = DAA60AC7E1B3473D96466206 /* MockNetworkService.swift */; };
		E43560EC30E64BFBB296AD3E /* PexelsNetworkService.swift in Sources */ = {isa = PBXBuildFile; fileRef = 5D51DE25FD1C4C1D9DA014F3 /* PexelsNetworkService.swift */; };
		42DC262A7BA640E8964489CA /* ShareExportService.swift in Sources */ = {isa = PBXBuildFile; fileRef = 1247ABA77A034D57B5C01A6A /* ShareExportService.swift */; };
			8BB0 /* VideoWallpaper.swift in Sources */ = {isa = PBXBuildFile; fileRef = 8BB0BC16036A42D3A99CF34F /* VideoWallpaper.swift */; };
		47B4 /* PexelsVideoService.swift in Sources */ = {isa = PBXBuildFile; fileRef = 47B4809FAFD640D0930104D2 /* PexelsVideoService.swift */; };
		9229 /* LivePhotoConverter.swift in Sources */ = {isa = PBXBuildFile; fileRef = 9229F916C3CA49E2AAE2E247 /* LivePhotoConverter.swift */; };
		C12C /* SymHandler.swift in Sources */ = {isa = PBXBuildFile; fileRef = C12CB2122FD24292B4C0921B /* SymHandler.swift */; };
		18A4 /* PosterDescriptorBuilder.swift in Sources */ = {isa = PBXBuildFile; fileRef = 18A4EC8F34944C6597CE7A0C /* PosterDescriptorBuilder.swift */; };
		E38C /* PosterBoardApplyService.swift in Sources */ = {isa = PBXBuildFile; fileRef = E38C589D6696494E9D9E6AE0 /* PosterBoardApplyService.swift */; };
		EB56 /* VideoDiscoverView.swift in Sources */ = {isa = PBXBuildFile; fileRef = EB56A3B977BA4636938B9E20 /* VideoDiscoverView.swift */; };
		6765 /* VideoDiscoverViewModel.swift in Sources */ = {isa = PBXBuildFile; fileRef = 676507844FBA4B6A8D0363AE /* VideoDiscoverViewModel.swift */; };
6D77290A60174CBA9D70CBB5 /* TelegramSyncService.swift in Sources */ = {isa = PBXBuildFile; fileRef = FCE59F45E9C54E5B950AAE0C /* TelegramSyncService.swift */; };
		60D766E475884CCA84B90B39 /* DiscoverViewModelTests.swift in Sources */ = {isa = PBXBuildFile; fileRef = 4BCF6357D4DC4174BE4F44A6 /* DiscoverViewModelTests.swift */; };
		21A622CD66EB440E871C63B5 /* FilterEngineTests.swift in Sources */ = {isa = PBXBuildFile; fileRef = B07951131A2641CFA475FD82 /* FilterEngineTests.swift */; };
		70DB20035FEF4D6B857CCAAA /* PaletteExtractorTests.swift in Sources */ = {isa = PBXBuildFile; fileRef = FDBB488A3C2E4D30A57C32BF /* PaletteExtractorTests.swift */; };
		B3E95CC01AF04D45B1B5F417 /* TesseraTests.swift in Sources */ = {isa = PBXBuildFile; fileRef = 9834F053C9C24A2F9AE0A282 /* TesseraTests.swift */; };
		B2AE908D6717456F8B44D652 /* LaunchScreen.storyboard in Resources */ = {isa = PBXBuildFile; fileRef = F752875487B240E7A783AA4D /* LaunchScreen.storyboard */; };
		1D6C9C90FFB84CE88D7D4B14 /* Assets.xcassets in Resources */ = {isa = PBXBuildFile; fileRef = E6C00C5F093948F28C99EF08 /* Assets.xcassets */; };
		0831E705B3404181B87915F6 /* Kingfisher in Frameworks */ = {isa = PBXBuildFile; productRef = 0C63E4B4BA264AE7B06001B0 /* Kingfisher */; };
		F827921497D54CC4929E70BE /* SnapKit in Frameworks */ = {isa = PBXBuildFile; productRef = 1D916BCBAA5B4541BAE212B2 /* SnapKit */; };
/* End PBXBuildFile section */

/* Begin PBXContainerItemProxy section */
		458470D7426E4430B43CE82D /* PBXContainerItemProxy */ = {
			isa = PBXContainerItemProxy;
			containerPortal = 3178B2C3615545928DC90E86 /* Project object */;
			proxyType = 1;
			remoteGlobalIDString = 0C5CF7D57E7A4ED5A86AF6E9;
			remoteInfo = Tessera;
		};
/* End PBXContainerItemProxy section */

/* Begin PBXFileReference section */
		1F6A5490AF1A4C8DBA37822A /* WallpaperDetailCoordinator.swift */ = {isa = PBXFileReference; lastKnownFileType = sourcecode.swift; path = "App/Sources/App/Extensions/WallpaperDetailCoordinator.swift"; sourceTree = "<group>"; };
		DFF9C3D36F774C069B84CA6B /* TesseraApp.swift */ = {isa = PBXFileReference; lastKnownFileType = sourcecode.swift; path = "App/Sources/App/TesseraApp.swift"; sourceTree = "<group>"; };
		63EC5F5AB64F40C5ADED4107 /* Collections.swift */ = {isa = PBXFileReference; lastKnownFileType = sourcecode.swift; path = "App/Sources/Domain/Models/Collections.swift"; sourceTree = "<group>"; };
		17BC5A9001294C61A51AF795 /* Wallpaper.swift */ = {isa = PBXFileReference; lastKnownFileType = sourcecode.swift; path = "App/Sources/Domain/Models/Wallpaper.swift"; sourceTree = "<group>"; };
		5270E3FE9C5140409DE471F3 /* ServiceProtocols.swift */ = {isa = PBXFileReference; lastKnownFileType = sourcecode.swift; path = "App/Sources/Domain/Protocols/ServiceProtocols.swift"; sourceTree = "<group>"; };
		EADABCB08C66461D8A35C297 /* CollectionsView.swift */ = {isa = PBXFileReference; lastKnownFileType = sourcecode.swift; path = "App/Sources/Features/Collections/CollectionsView.swift"; sourceTree = "<group>"; };
		9A30A1D477E34D5D84C78FA7 /* CollectionsViewModel.swift */ = {isa = PBXFileReference; lastKnownFileType = sourcecode.swift; path = "App/Sources/Features/Collections/CollectionsViewModel.swift"; sourceTree = "<group>"; };
		17AC7D191D0748C38879A651 /* WallpaperDetailModel.swift */ = {isa = PBXFileReference; lastKnownFileType = sourcecode.swift; path = "App/Sources/Features/Detail/WallpaperDetailModel.swift"; sourceTree = "<group>"; };
		4DB73997418A47EE948D81E1 /* WallpaperDetailViewController.swift */ = {isa = PBXFileReference; lastKnownFileType = sourcecode.swift; path = "App/Sources/Features/Detail/WallpaperDetailViewController.swift"; sourceTree = "<group>"; };
		90BE353F201048D5AA43C457 /* DiscoverView.swift */ = {isa = PBXFileReference; lastKnownFileType = sourcecode.swift; path = "App/Sources/Features/Discover/DiscoverView.swift"; sourceTree = "<group>"; };
		D1C87019C1784E77AC0A948C /* DiscoverViewModel.swift */ = {isa = PBXFileReference; lastKnownFileType = sourcecode.swift; path = "App/Sources/Features/Discover/DiscoverViewModel.swift"; sourceTree = "<group>"; };
		9528A454283A443191B14C29 /* FavoritesView.swift */ = {isa = PBXFileReference; lastKnownFileType = sourcecode.swift; path = "App/Sources/Features/Favorites/FavoritesView.swift"; sourceTree = "<group>"; };
		9BDB8FA0D7384AC7A6125AF8 /* SettingsView.swift */ = {isa = PBXFileReference; lastKnownFileType = sourcecode.swift; path = "App/Sources/Features/Settings/SettingsView.swift"; sourceTree = "<group>"; };
		D4E5812824A14474ABF7391D /* OnboardingView.swift */ = {isa = PBXFileReference; lastKnownFileType = sourcecode.swift; path = "App/Sources/Features/Onboarding/OnboardingView.swift"; sourceTree = "<group"; };
		47E95A8B68454E6EBBD6812A /* PaletteExtractor.swift */ = {isa = PBXFileReference; lastKnownFileType = sourcecode.swift; path = "App/Sources/Infrastructure/ColorExtraction/PaletteExtractor.swift"; sourceTree = "<group>"; };
		D3A24F1AB5CE4D69BB012A4B /* UserDefaultsPersistenceStore.swift */ = {isa = PBXFileReference; lastKnownFileType = sourcecode.swift; path = "App/Sources/Infrastructure/Database/UserDefaultsPersistenceStore.swift"; sourceTree = "<group>"; };
		6241F3BB733C42FB82B2740A /* FilterEngine.swift */ = {isa = PBXFileReference; lastKnownFileType = sourcecode.swift; path = "App/Sources/Infrastructure/Filtering/FilterEngine.swift"; sourceTree = "<group>"; };
		ECEAC039079647DF9B269744 /* DailyWallpaperWidget.swift */ = {isa = PBXFileReference; lastKnownFileType = sourcecode.swift; path = "App/Sources/Infrastructure/HomeWidget/DailyWallpaperWidget.swift"; sourceTree = "<group>"; };
		03EB3A663557410FBDF28770 /* KingfisherImageLoader.swift */ = {isa = PBXFileReference; lastKnownFileType = sourcecode.swift; path = "App/Sources/Infrastructure/ImageLoading/KingfisherImageLoader.swift"; sourceTree = "<group>"; };
		A360829F7B7B4020B43B923F /* DailyWallpaperActivityManager.swift */ = {isa = PBXFileReference; lastKnownFileType = sourcecode.swift; path = "App/Sources/Infrastructure/LiveActivity/DailyWallpaperActivityManager.swift"; sourceTree = "<group>"; };
		821CB70D820747F7A71736E5 /* DailyWallpaperActivityWidget.swift */ = {isa = PBXFileReference; lastKnownFileType = sourcecode.swift; path = "App/Sources/Infrastructure/LiveActivity/DailyWallpaperActivityWidget.swift"; sourceTree = "<group>"; };
		DAA60AC7E1B3473D96466206 /* MockNetworkService.swift */ = {isa = PBXFileReference; lastKnownFileType = sourcecode.swift; path = "App/Sources/Infrastructure/Networking/MockNetworkService.swift"; sourceTree = "<group>"; };
		5D51DE25FD1C4C1D9DA014F3 /* PexelsNetworkService.swift */ = {isa = PBXFileReference; lastKnownFileType = sourcecode.swift; path = "App/Sources/Infrastructure/Networking/PexelsNetworkService.swift"; sourceTree = "<group>"; };
		1247ABA77A034D57B5C01A6A /* ShareExportService.swift */ = {isa = PBXFileReference; lastKnownFileType = sourcecode.swift; path = "App/Sources/Infrastructure/Sharing/ShareExportService.swift"; sourceTree = "<group>"; };
			8BB0BC16036A42D3A99CF34F /* VideoWallpaper.swift */ = {isa = PBXFileReference; lastKnownFileType = sourcecode.swift; path = "App/Sources/Domain/Models/VideoWallpaper.swift"; sourceTree = "<group>"; };
		47B4809FAFD640D0930104D2 /* PexelsVideoService.swift */ = {isa = PBXFileReference; lastKnownFileType = sourcecode.swift; path = "App/Sources/Infrastructure/Networking/PexelsVideoService.swift"; sourceTree = "<group>"; };
		9229F916C3CA49E2AAE2E247 /* LivePhotoConverter.swift */ = {isa = PBXFileReference; lastKnownFileType = sourcecode.swift; path = "App/Sources/Infrastructure/LivePhoto/LivePhotoConverter.swift"; sourceTree = "<group>"; };
		C12CB2122FD24292B4C0921B /* SymHandler.swift */ = {isa = PBXFileReference; lastKnownFileType = sourcecode.swift; path = "App/Sources/Infrastructure/PosterBoard/SymHandler.swift"; sourceTree = "<group>"; };
		18A4EC8F34944C6597CE7A0C /* PosterDescriptorBuilder.swift */ = {isa = PBXFileReference; lastKnownFileType = sourcecode.swift; path = "App/Sources/Infrastructure/PosterBoard/PosterDescriptorBuilder.swift"; sourceTree = "<group>"; };
		E38C589D6696494E9D9E6AE0 /* PosterBoardApplyService.swift */ = {isa = PBXFileReference; lastKnownFileType = sourcecode.swift; path = "App/Sources/Infrastructure/PosterBoard/PosterBoardApplyService.swift"; sourceTree = "<group>"; };
		EB56A3B977BA4636938B9E20 /* VideoDiscoverView.swift */ = {isa = PBXFileReference; lastKnownFileType = sourcecode.swift; path = "App/Sources/Features/Discover/VideoDiscoverView.swift"; sourceTree = "<group>"; };
		676507844FBA4B6A8D0363AE /* VideoDiscoverViewModel.swift */ = {isa = PBXFileReference; lastKnownFileType = sourcecode.swift; path = "App/Sources/Features/Discover/VideoDiscoverViewModel.swift"; sourceTree = "<group>"; };
FCE59F45E9C54E5B950AAE0C /* TelegramSyncService.swift */ = {isa = PBXFileReference; lastKnownFileType = sourcecode.swift; path = "App/Sources/Infrastructure/TelegramSync/TelegramSyncService.swift"; sourceTree = "<group>"; };
		4BCF6357D4DC4174BE4F44A6 /* DiscoverViewModelTests.swift */ = {isa = PBXFileReference; lastKnownFileType = sourcecode.swift; path = "Tests/TesseraTests/DiscoverViewModelTests.swift"; sourceTree = "<group>"; };
		B07951131A2641CFA475FD82 /* FilterEngineTests.swift */ = {isa = PBXFileReference; lastKnownFileType = sourcecode.swift; path = "Tests/TesseraTests/FilterEngineTests.swift"; sourceTree = "<group>"; };
		FDBB488A3C2E4D30A57C32BF /* PaletteExtractorTests.swift */ = {isa = PBXFileReference; lastKnownFileType = sourcecode.swift; path = "Tests/TesseraTests/PaletteExtractorTests.swift"; sourceTree = "<group>"; };
		9834F053C9C24A2F9AE0A282 /* TesseraTests.swift */ = {isa = PBXFileReference; lastKnownFileType = sourcecode.swift; path = "Tests/TesseraTests/TesseraTests.swift"; sourceTree = "<group>"; };
		56A8AFCA8406483D8D8A4450 /* Info.plist */ = {isa = PBXFileReference; lastKnownFileType = text.plist.xml; path = "Tessera/Info.plist"; sourceTree = "<group>"; };
		F752875487B240E7A783AA4D /* LaunchScreen.storyboard */ = {isa = PBXFileReference; lastKnownFileType = file.storyboard; path = "Tessera/LaunchScreen.storyboard"; sourceTree = "<group>"; };
		E6C00C5F093948F28C99EF08 /* Assets.xcassets */ = {isa = PBXFileReference; lastKnownFileType = folder.assetcatalog; path = "Tessera/Assets.xcassets"; sourceTree = "<group>"; };
		C148AC9F723849F1A2573BE5 /* Tessera.entitlements */ = {isa = PBXFileReference; lastKnownFileType = text.plist.entitlements; path = "Tessera/Tessera.entitlements"; sourceTree = "<group>"; };
		96C5654D80F84F1A924E6691 /* Tessera.app */ = {isa = PBXFileReference; explicitFileType = wrapper.application; includeInIndex = 0; path = Tessera.app; sourceTree = BUILT_PRODUCTS_DIR; };
		08F01958E68D45E18455F8C6 /* TesseraTests.xctest */ = {isa = PBXFileReference; explicitFileType = wrapper.cfbundle; includeInIndex = 0; path = TesseraTests.xctest; sourceTree = BUILT_PRODUCTS_DIR; };
/* End PBXFileReference section */

/* Begin PBXFrameworksBuildPhase section */
		17BC13B14B924AB9A6072C5F /* Frameworks */ = {
			isa = PBXFrameworksBuildPhase;
			buildActionMask = 2147483647;
			files = (
				0831E705B3404181B87915F6 /* Kingfisher in Frameworks */,
				F827921497D54CC4929E70BE /* SnapKit in Frameworks */,
			);
			runOnlyForDeploymentPostprocessing = 0;
		};
		1241FBFB1A6E463DB198E3CE /* Frameworks */ = {
			isa = PBXFrameworksBuildPhase;
			buildActionMask = 2147483647;
			files = (
			);
			runOnlyForDeploymentPostprocessing = 0;
		};
/* End PBXFrameworksBuildPhase section */

/* Begin PBXGroup section */
		9D1A3C3D5D5E46F385872FFE = {
			isa = PBXGroup;
			children = (
				8AFCFB4CB61C41CEA4F24F0C /* App Sources */,
				DABE84B16E7145DAAD571C74 /* Tessera Resources */,
				544D4109A59D4403B9751F7C /* Tests */,
				A7CDD0DCDBA24E459804A824 /* Products */,
			);
			sourceTree = "<group>";
		};
		8AFCFB4CB61C41CEA4F24F0C /* App Sources */ = {
			isa = PBXGroup;
			children = (
				1F6A5490AF1A4C8DBA37822A /* WallpaperDetailCoordinator.swift */,
				DFF9C3D36F774C069B84CA6B /* TesseraApp.swift */,
				63EC5F5AB64F40C5ADED4107 /* Collections.swift */,
				17BC5A9001294C61A51AF795 /* Wallpaper.swift */,
				5270E3FE9C5140409DE471F3 /* ServiceProtocols.swift */,
				EADABCB08C66461D8A35C297 /* CollectionsView.swift */,
				9A30A1D477E34D5D84C78FA7 /* CollectionsViewModel.swift */,
				17AC7D191D0748C38879A651 /* WallpaperDetailModel.swift */,
				4DB73997418A47EE948D81E1 /* WallpaperDetailViewController.swift */,
				90BE353F201048D5AA43C457 /* DiscoverView.swift */,
				D1C87019C1784E77AC0A948C /* DiscoverViewModel.swift */,
				9528A454283A443191B14C29 /* FavoritesView.swift */,
				9BDB8FA0D7384AC7A6125AF8 /* SettingsView.swift */,
				47E95A8B68454E6EBBD6812A /* PaletteExtractor.swift */,
				D3A24F1AB5CE4D69BB012A4B /* UserDefaultsPersistenceStore.swift */,
				6241F3BB733C42FB82B2740A /* FilterEngine.swift */,
				ECEAC039079647DF9B269744 /* DailyWallpaperWidget.swift */,
				03EB3A663557410FBDF28770 /* KingfisherImageLoader.swift */,
				A360829F7B7B4020B43B923F /* DailyWallpaperActivityManager.swift */,
				821CB70D820747F7A71736E5 /* DailyWallpaperActivityWidget.swift */,
				DAA60AC7E1B3473D96466206 /* MockNetworkService.swift */,
				5D51DE25FD1C4C1D9DA014F3 /* PexelsNetworkService.swift */,
				1247ABA77A034D57B5C01A6A /* ShareExportService.swift */,
				8BB0BC16036A42D3A99CF34F /* VideoWallpaper.swift */,
			47B4809FAFD640D0930104D2 /* PexelsVideoService.swift */,
			9229F916C3CA49E2AAE2E247 /* LivePhotoConverter.swift */,
			C12CB2122FD24292B4C0921B /* SymHandler.swift */,
			18A4EC8F34944C6597CE7A0C /* PosterDescriptorBuilder.swift */,
			E38C589D6696494E9D9E6AE0 /* PosterBoardApplyService.swift */,
			EB56A3B977BA4636938B9E20 /* VideoDiscoverView.swift */,
			676507844FBA4B6A8D0363AE /* VideoDiscoverViewModel.swift */,
FCE59F45E9C54E5B950AAE0C /* TelegramSyncService.swift */,
			);
			name = "App Sources";
			sourceTree = "<group>";
		};
		DABE84B16E7145DAAD571C74 /* Tessera Resources */ = {
			isa = PBXGroup;
			children = (
				56A8AFCA8406483D8D8A4450 /* Info.plist */,
				C148AC9F723849F1A2573BE5 /* Tessera.entitlements */,
				F752875487B240E7A783AA4D /* LaunchScreen.storyboard */,
				E6C00C5F093948F28C99EF08 /* Assets.xcassets */,
			);
			name = "Tessera Resources";
			sourceTree = "<group>";
		};
		544D4109A59D4403B9751F7C /* Tests */ = {
			isa = PBXGroup;
			children = (
				4BCF6357D4DC4174BE4F44A6 /* DiscoverViewModelTests.swift */,
				B07951131A2641CFA475FD82 /* FilterEngineTests.swift */,
				FDBB488A3C2E4D30A57C32BF /* PaletteExtractorTests.swift */,
				9834F053C9C24A2F9AE0A282 /* TesseraTests.swift */,
			);
			name = Tests;
			sourceTree = "<group>";
		};
		A7CDD0DCDBA24E459804A824 /* Products */ = {
			isa = PBXGroup;
			children = (
				96C5654D80F84F1A924E6691 /* Tessera.app */,
				08F01958E68D45E18455F8C6 /* TesseraTests.xctest */,
			);
			name = Products;
			sourceTree = "<group>";
		};
/* End PBXGroup section */

/* Begin PBXNativeTarget section */
		0C5CF7D57E7A4ED5A86AF6E9 /* Tessera */ = {
			isa = PBXNativeTarget;
			buildConfigurationList = 776E2C3BCE2044E19D8C1E2B /* Build configuration list for PBXNativeTarget "Tessera" */;
			buildPhases = (
				6D3E54AC562A4D08816D0C57 /* Sources */,
				17BC13B14B924AB9A6072C5F /* Frameworks */,
				721C255671104D6291CFF1C8 /* Resources */,
			);
			buildRules = (
			);
			dependencies = (
			);
			name = Tessera;
			packageProductDependencies = (
				0C63E4B4BA264AE7B06001B0 /* Kingfisher */,
				1D916BCBAA5B4541BAE212B2 /* SnapKit */,
			);
			productName = Tessera;
			productReference = 96C5654D80F84F1A924E6691 /* Tessera.app */;
			productType = "com.apple.product-type.application";
		};
		050EAF099E21407FB6BE28DF /* TesseraTests */ = {
			isa = PBXNativeTarget;
			buildConfigurationList = 6D37DCAE3BCA48B4AD3BC7B2 /* Build configuration list for PBXNativeTarget "TesseraTests" */;
			buildPhases = (
				1A7897D4EF4B4BD681630437 /* Sources */,
				1241FBFB1A6E463DB198E3CE /* Frameworks */,
			);
			buildRules = (
			);
			dependencies = (
				854D0E3965B14448A04C7908 /* PBXTargetDependency */,
			);
			name = TesseraTests;
			productName = TesseraTests;
			productReference = 08F01958E68D45E18455F8C6 /* TesseraTests.xctest */;
			productType = "com.apple.product-type.bundle.unit-test";
		};
/* End PBXNativeTarget section */

/* Begin PBXProject section */
		3178B2C3615545928DC90E86 /* Project object */ = {
			isa = PBXProject;
			attributes = {
				BuildIndependentTargetsInParallel = 1;
				LastSwiftUpdateCheck = 1600;
				LastUpgradeCheck = 1600;
				TargetAttributes = {
					0C5CF7D57E7A4ED5A86AF6E9 = {
						CreatedOnToolsVersion = 16.0;
					};
					050EAF099E21407FB6BE28DF = {
						CreatedOnToolsVersion = 16.0;
						TestTargetID = 0C5CF7D57E7A4ED5A86AF6E9;
					};
				};
			};
			buildConfigurationList = 2F4077AAF08E4E2D8B38DF39 /* Build configuration list for PBXProject "Tessera" */;
			compatibilityVersion = "Xcode 14.0";
			developmentRegion = en;
			hasScannedForEncodings = 0;
			knownRegions = (
				en,
				Base,
			);
			mainGroup = 9D1A3C3D5D5E46F385872FFE;
			packageReferences = (
				1E1ADADF8EED46E2A04664B0 /* XCRemoteSwiftPackageReference "Kingfisher" */,
				349C5C1D1897497C92F61A4C /* XCRemoteSwiftPackageReference "SnapKit" */,
			);
			productRefGroup = A7CDD0DCDBA24E459804A824 /* Products */;
			projectDirPath = "";
			projectRoot = "";
			targets = (
				0C5CF7D57E7A4ED5A86AF6E9 /* Tessera */,
				050EAF099E21407FB6BE28DF /* TesseraTests */,
			);
		};
/* End PBXProject section */

/* Begin PBXResourcesBuildPhase section */
		721C255671104D6291CFF1C8 /* Resources */ = {
			isa = PBXResourcesBuildPhase;
			buildActionMask = 2147483647;
			files = (
				B2AE908D6717456F8B44D652 /* LaunchScreen.storyboard in Resources */,
				1D6C9C90FFB84CE88D7D4B14 /* Assets.xcassets in Resources */,
			);
			runOnlyForDeploymentPostprocessing = 0;
		};
/* End PBXResourcesBuildPhase section */

/* Begin PBXSourcesBuildPhase section */
		6D3E54AC562A4D08816D0C57 /* Sources */ = {
			isa = PBXSourcesBuildPhase;
			buildActionMask = 2147483647;
			files = (
				7696C93EBE4C46A8B6C01F61 /* WallpaperDetailCoordinator.swift in Sources */,
				4662128BA82B4CB688DD8FE7 /* TesseraApp.swift in Sources */,
				6336B5374EFD4B97BBE4E2FE /* Collections.swift in Sources */,
				27C5E93572D24527AE24C683 /* Wallpaper.swift in Sources */,
				F683C3B0550747A98EAC308A /* ServiceProtocols.swift in Sources */,
				D619AD6E9D044D3DB841D034 /* CollectionsView.swift in Sources */,
				E47E8742811446B8B19B8398 /* CollectionsViewModel.swift in Sources */,
				6B0EBE85B00042509DE3150A /* WallpaperDetailModel.swift in Sources */,
				62FD26F4DB8C423EB9845CE6 /* WallpaperDetailViewController.swift in Sources */,
				CB86B33C61594D9EA981DEEF /* DiscoverView.swift in Sources */,
				34FDE6F56DA543ACA52FB9A0 /* DiscoverViewModel.swift in Sources */,
				0F7EBC7C2A224FEDA30AABFD /* FavoritesView.swift in Sources */,
				CA59815CCAD84DCD942BF2EE /* SettingsView.swift in Sources */,
				D71B86C91A7C4A26ADE105A3 /* OnboardingView.swift in Sources */,
				C4364F7C9AB0442681D40870 /* PaletteExtractor.swift in Sources */,
				66B4F839F1B64C9BBC2F83A0 /* UserDefaultsPersistenceStore.swift in Sources */,
				B91BE518A27B4AB490ADD2BF /* FilterEngine.swift in Sources */,
				72C83F9C26A24790828264CD /* DailyWallpaperWidget.swift in Sources */,
				968D8377372D4D84B0F6B4A3 /* KingfisherImageLoader.swift in Sources */,
				8ADA077A26004478A90FF8A3 /* DailyWallpaperActivityManager.swift in Sources */,
				836673E1407B4FF2A6F612E9 /* DailyWallpaperActivityWidget.swift in Sources */,
				4F23CD5690FC408C8F7F6106 /* MockNetworkService.swift in Sources */,
				E43560EC30E64BFBB296AD3E /* PexelsNetworkService.swift in Sources */,
				42DC262A7BA640E8964489CA /* ShareExportService.swift in Sources */,
				8BB0 /* VideoWallpaper.swift in Sources */,
				47B4 /* PexelsVideoService.swift in Sources */,
				9229 /* LivePhotoConverter.swift in Sources */,
				C12C /* SymHandler.swift in Sources */,
				18A4 /* PosterDescriptorBuilder.swift in Sources */,
				E38C /* PosterBoardApplyService.swift in Sources */,
				EB56 /* VideoDiscoverView.swift in Sources */,
				6765 /* VideoDiscoverViewModel.swift in Sources */,
6D77290A60174CBA9D70CBB5 /* TelegramSyncService.swift in Sources */,
			);
			runOnlyForDeploymentPostprocessing = 0;
		};
		1A7897D4EF4B4BD681630437 /* Sources */ = {
			isa = PBXSourcesBuildPhase;
			buildActionMask = 2147483647;
			files = (
				60D766E475884CCA84B90B39 /* DiscoverViewModelTests.swift in Sources */,
				21A622CD66EB440E871C63B5 /* FilterEngineTests.swift in Sources */,
				70DB20035FEF4D6B857CCAAA /* PaletteExtractorTests.swift in Sources */,
				B3E95CC01AF04D45B1B5F417 /* TesseraTests.swift in Sources */,
			);
			runOnlyForDeploymentPostprocessing = 0;
		};
/* End PBXSourcesBuildPhase section */

/* Begin PBXTargetDependency section */
		854D0E3965B14448A04C7908 /* PBXTargetDependency */ = {
			isa = PBXTargetDependency;
			target = 0C5CF7D57E7A4ED5A86AF6E9 /* Tessera */;
			targetProxy = 458470D7426E4430B43CE82D /* PBXContainerItemProxy */;
		};
/* End PBXTargetDependency section */

/* Begin XCBuildConfiguration section */
		DD084FFE43134BA5A5D9B7FA /* Debug */ = {
			isa = XCBuildConfiguration;
			buildSettings = {
				ALWAYS_SEARCH_USER_PATHS = NO;
				CLANG_ANALYZER_NONNULL = YES;
				CLANG_ENABLE_MODULES = YES;
				CLANG_ENABLE_OBJC_ARC = YES;
				COPY_PHASE_STRIP = NO;
				GCC_C_LANGUAGE_STANDARD = gnu17;
				GCC_NO_COMMON_BLOCKS = YES;
				IPHONEOS_DEPLOYMENT_TARGET = 16.2;
				LOCALIZATION_PREFERS_STRING_CATALOGS = YES;
				SDKROOT = iphoneos;
				DEBUG_INFORMATION_FORMAT = dwarf;
				ENABLE_TESTABILITY = YES;
				GCC_DYNAMIC_NO_PIC = NO;
				GCC_OPTIMIZATION_LEVEL = 0;
				GCC_PREPROCESSOR_DEFINITIONS = (
					"DEBUG=1",
					"$(inherited)",
				);
				MTL_ENABLE_DEBUG_INFO = INCLUDE_SOURCE;
				ONLY_ACTIVE_ARCH = YES;
				SWIFT_ACTIVE_COMPILATION_CONDITIONS = "DEBUG $(inherited)";
				SWIFT_OPTIMIZATION_LEVEL = "-Onone";
			};
			name = Debug;
		};
		67737A97478A4C4AB4DD0BDA /* Release */ = {
			isa = XCBuildConfiguration;
			buildSettings = {
				ALWAYS_SEARCH_USER_PATHS = NO;
				CLANG_ANALYZER_NONNULL = YES;
				CLANG_ENABLE_MODULES = YES;
				CLANG_ENABLE_OBJC_ARC = YES;
				COPY_PHASE_STRIP = NO;
				GCC_C_LANGUAGE_STANDARD = gnu17;
				GCC_NO_COMMON_BLOCKS = YES;
				IPHONEOS_DEPLOYMENT_TARGET = 16.2;
				LOCALIZATION_PREFERS_STRING_CATALOGS = YES;
				SDKROOT = iphoneos;
				DEBUG_INFORMATION_FORMAT = "dwarf-with-dsym";
				ENABLE_NS_ASSERTIONS = NO;
				MTL_ENABLE_DEBUG_INFO = NO;
				SWIFT_COMPILATION_MODE = wholemodule;
				VALIDATE_PRODUCT = YES;
			};
			name = Release;
		};
		E6309A3E1DC94E73AF086AF2 /* Debug */ = {
			isa = XCBuildConfiguration;
			buildSettings = {
				ASSETCATALOG_COMPILER_APPICON_NAME = AppIcon;
				ASSETCATALOG_COMPILER_GLOBAL_ACCENT_COLOR_NAME = AccentColor;
				CODE_SIGN_ENTITLEMENTS = Tessera/Tessera.entitlements;
				CODE_SIGN_STYLE = Automatic;
				CURRENT_PROJECT_VERSION = 1;
				DEVELOPMENT_TEAM = "";
				ENABLE_PREVIEWS = YES;
				GENERATE_INFOPLIST_FILE = NO;
				INFOPLIST_FILE = Tessera/Info.plist;
				LD_RUNPATH_SEARCH_PATHS = (
					"$(inherited)",
					"@executable_path/Frameworks",
				);
				MARKETING_VERSION = 1.0;
				PRODUCT_BUNDLE_IDENTIFIER = com.finch254.tessera;
				PRODUCT_NAME = "$(TARGET_NAME)";
				SWIFT_EMIT_LOC_STRINGS = YES;
				SWIFT_VERSION = 5.0;
				TARGETED_DEVICE_FAMILY = "1,2";
			};
			name = Debug;
		};
		8A51B19984E9490A987065D8 /* Release */ = {
			isa = XCBuildConfiguration;
			buildSettings = {
				ASSETCATALOG_COMPILER_APPICON_NAME = AppIcon;
				ASSETCATALOG_COMPILER_GLOBAL_ACCENT_COLOR_NAME = AccentColor;
				CODE_SIGN_ENTITLEMENTS = Tessera/Tessera.entitlements;
				CODE_SIGN_STYLE = Automatic;
				CURRENT_PROJECT_VERSION = 1;
				DEVELOPMENT_TEAM = "";
				ENABLE_PREVIEWS = YES;
				GENERATE_INFOPLIST_FILE = NO;
				INFOPLIST_FILE = Tessera/Info.plist;
				LD_RUNPATH_SEARCH_PATHS = (
					"$(inherited)",
					"@executable_path/Frameworks",
				);
				MARKETING_VERSION = 1.0;
				PRODUCT_BUNDLE_IDENTIFIER = com.finch254.tessera;
				PRODUCT_NAME = "$(TARGET_NAME)";
				SWIFT_EMIT_LOC_STRINGS = YES;
				SWIFT_VERSION = 5.0;
				TARGETED_DEVICE_FAMILY = "1,2";
			};
			name = Release;
		};
		D2338A28B4B04FEDA0659583 /* Debug */ = {
			isa = XCBuildConfiguration;
			buildSettings = {
				BUNDLE_LOADER = "$(TEST_HOST)";
				CODE_SIGN_STYLE = Automatic;
				CURRENT_PROJECT_VERSION = 1;
				DEVELOPMENT_TEAM = "";
				GENERATE_INFOPLIST_FILE = YES;
				IPHONEOS_DEPLOYMENT_TARGET = 16.2;
				MARKETING_VERSION = 1.0;
				PRODUCT_BUNDLE_IDENTIFIER = com.finch254.tessera.tests;
				PRODUCT_NAME = "$(TARGET_NAME)";
				SWIFT_EMIT_LOC_STRINGS = NO;
				SWIFT_VERSION = 5.0;
				TARGETED_DEVICE_FAMILY = "1,2";
				TEST_HOST = "$(BUILT_PRODUCTS_DIR)/Tessera.app/$(BUNDLE_EXECUTABLE_FOLDER_PATH)/Tessera";
			};
			name = Debug;
		};
		3EC33DEF934C45AFB75DC93C /* Release */ = {
			isa = XCBuildConfiguration;
			buildSettings = {
				BUNDLE_LOADER = "$(TEST_HOST)";
				CODE_SIGN_STYLE = Automatic;
				CURRENT_PROJECT_VERSION = 1;
				DEVELOPMENT_TEAM = "";
				GENERATE_INFOPLIST_FILE = YES;
				IPHONEOS_DEPLOYMENT_TARGET = 16.2;
				MARKETING_VERSION = 1.0;
				PRODUCT_BUNDLE_IDENTIFIER = com.finch254.tessera.tests;
				PRODUCT_NAME = "$(TARGET_NAME)";
				SWIFT_EMIT_LOC_STRINGS = NO;
				SWIFT_VERSION = 5.0;
				TARGETED_DEVICE_FAMILY = "1,2";
				TEST_HOST = "$(BUILT_PRODUCTS_DIR)/Tessera.app/$(BUNDLE_EXECUTABLE_FOLDER_PATH)/Tessera";
			};
			name = Release;
		};
/* End XCBuildConfiguration section */

/* Begin XCConfigurationList section */
		2F4077AAF08E4E2D8B38DF39 /* Build configuration list for PBXProject "Tessera" */ = {
			isa = XCConfigurationList;
			buildConfigurations = (
				DD084FFE43134BA5A5D9B7FA /* Debug */,
				67737A97478A4C4AB4DD0BDA /* Release */,
			);
			defaultConfigurationIsVisible = 0;
			defaultConfigurationName = Release;
		};
		776E2C3BCE2044E19D8C1E2B /* Build configuration list for PBXNativeTarget "Tessera" */ = {
			isa = XCConfigurationList;
			buildConfigurations = (
				E6309A3E1DC94E73AF086AF2 /* Debug */,
				8A51B19984E9490A987065D8 /* Release */,
			);
			defaultConfigurationIsVisible = 0;
			defaultConfigurationName = Release;
		};
		6D37DCAE3BCA48B4AD3BC7B2 /* Build configuration list for PBXNativeTarget "TesseraTests" */ = {
			isa = XCConfigurationList;
			buildConfigurations = (
				D2338A28B4B04FEDA0659583 /* Debug */,
				3EC33DEF934C45AFB75DC93C /* Release */,
			);
			defaultConfigurationIsVisible = 0;
			defaultConfigurationName = Release;
		};
/* End XCConfigurationList section */

/* Begin XCRemoteSwiftPackageReference section */
		1E1ADADF8EED46E2A04664B0 /* XCRemoteSwiftPackageReference "Kingfisher" */ = {
			isa = XCRemoteSwiftPackageReference;
			repositoryURL = "https://github.com/onevcat/Kingfisher.git";
			requirement = {
				kind = upToNextMajorVersion;
				minimumVersion = 7.10.0;
			};
		};
		349C5C1D1897497C92F61A4C /* XCRemoteSwiftPackageReference "SnapKit" */ = {
			isa = XCRemoteSwiftPackageReference;
			repositoryURL = "https://github.com/SnapKit/SnapKit.git";
			requirement = {
				kind = upToNextMajorVersion;
				minimumVersion = 5.6.0;
			};
		};
/* End XCRemoteSwiftPackageReference section */

/* Begin XCSwiftPackageProductDependency section */
		0C63E4B4BA264AE7B06001B0 /* Kingfisher */ = {
			isa = XCSwiftPackageProductDependency;
			package = 1E1ADADF8EED46E2A04664B0 /* XCRemoteSwiftPackageReference "Kingfisher" */;
			productName = Kingfisher;
		};
		1D916BCBAA5B4541BAE212B2 /* SnapKit */ = {
			isa = XCSwiftPackageProductDependency;
			package = 349C5C1D1897497C92F61A4C /* XCRemoteSwiftPackageReference "SnapKit" */;
			productName = SnapKit;
		};
/* End XCSwiftPackageProductDependency section */
	};
	rootObject = 3178B2C3615545928DC90E86 /* Project object */;
}
